
Microsoft Visual Studio Solution File, Format Version 12.00
# Visual Studio Version 16
VisualStudioVersion = 16.0.31205.134
MinimumVisualStudioVersion = 10.0.40219.1
Project("{FAE04EC0-301F-11D3-BF4B-00C04F79EFBC}") = "Caso2Calc_Johanny_Vivas_Arias", "Caso2Calc_Johanny_Vivas_Arias.csproj", "{B175F3DE-88D3-437A-A953-FCE8638062B1}"
EndProject
Global
	GlobalSection(SolutionConfigurationPlatforms) = preSolution
		Debug|Any CPU = Debug|Any CPU
		Release|Any CPU = Release|Any CPU
	EndGlobalSection
	GlobalSection(ProjectConfigurationPlatforms) = postSolution
		{B175F3DE-88D3-437A-A953-FCE8638062B1}.Debug|Any CPU.ActiveCfg = Debug|Any CPU
		{B175F3DE-88D3-437A-A953-FCE8638062B1}.Debug|Any CPU.Build.0 = Debug|Any CPU
		{B175F3DE-88D3-437A-A953-FCE8638062B1}.Release|Any CPU.ActiveCfg = Release|Any CPU
		{B175F3DE-88D3-437A-A953-FCE8638062B1}.Release|Any CPU.Build.0 = Release|Any CPU
	EndGlobalSection
	GlobalSection(SolutionProperties) = preSolution
		HideSolutionNode = FALSE
	EndGlobalSection
	GlobalSection(ExtensibilityGlobals) = postSolution
		SolutionGuid = {77F5508A-7231-4C4C-B158-D563F9961D57}
	EndGlobalSection
EndGlobal
